
Microsoft Visual Studio Solution File, Format Version 12.00
# Visual Studio Version 17
VisualStudioVersion = 17.14.37012.4 d17.14
MinimumVisualStudioVersion = 10.0.40219.1
Project("{FAE04EC0-301F-11D3-BF4B-00C04F79EFBC}") = "ApexZenith", "ApexZenith\ApexZenith.csproj", "{94BC7702-AF8A-4D8F-8FAF-4D9F3E6EFBFE}"
EndProject
Global
	GlobalSection(SolutionConfigurationPlatforms) = preSolution
		Debug|Any CPU = Debug|Any CPU
		Release|Any CPU = Release|Any CPU
	EndGlobalSection
	GlobalSection(ProjectConfigurationPlatforms) = postSolution
		{94BC7702-AF8A-4D8F-8FAF-4D9F3E6EFBFE}.Debug|Any CPU.ActiveCfg = Debug|Any CPU
		{94BC7702-AF8A-4D8F-8FAF-4D9F3E6EFBFE}.Debug|Any CPU.Build.0 = Debug|Any CPU
		{94BC7702-AF8A-4D8F-8FAF-4D9F3E6EFBFE}.Release|Any CPU.ActiveCfg = Release|Any CPU
		{94BC7702-AF8A-4D8F-8FAF-4D9F3E6EFBFE}.Release|Any CPU.Build.0 = Release|Any CPU
	EndGlobalSection
	GlobalSection(SolutionProperties) = preSolution
		HideSolutionNode = FALSE
	EndGlobalSection
	GlobalSection(ExtensibilityGlobals) = postSolution
		SolutionGuid = {1CC36540-77D8-40D5-BBAC-60E7CCBD4F86}
	EndGlobalSection
EndGlobal
